// !$*UTF8*$!
{
	archiveVersion = 1;
	classes = {
	};
	objectVersion = 55;
	objects = {

/* Begin PBXBuildFile section */
		2649934C28C30E19003D3406 /* AppDelegate.swift in Sources */ = {isa = PBXBuildFile; fileRef = 2649934B28C30E19003D3406 /* AppDelegate.swift */; };
		2649934E28C30E19003D3406 /* SceneDelegate.swift in Sources */ = {isa = PBXBuildFile; fileRef = 2649934D28C30E19003D3406 /* SceneDelegate.swift */; };
		2649935028C30E19003D3406 /* WorldTimeViewController.swift in Sources */ = {isa = PBXBuildFile; fileRef = 2649934F28C30E19003D3406 /* WorldTimeViewController.swift */; };
		2649935328C30E19003D3406 /* Main.storyboard in Resources */ = {isa = PBXBuildFile; fileRef = 2649935128C30E19003D3406 /* Main.storyboard */; };
		2649935628C30E19003D3406 /* iOSClock.xcdatamodeld in Sources */ = {isa = PBXBuildFile; fileRef = 2649935428C30E19003D3406 /* iOSClock.xcdatamodeld */; };
		2649935828C30E19003D3406 /* Assets.xcassets in Resources */ = {isa = PBXBuildFile; fileRef = 2649935728C30E19003D3406 /* Assets.xcassets */; };
		2649935B28C30E19003D3406 /* LaunchScreen.storyboard in Resources */ = {isa = PBXBuildFile; fileRef = 2649935928C30E19003D3406 /* LaunchScreen.storyboard */; };
		2649936328C30F69003D3406 /* TabBarController.swift in Sources */ = {isa = PBXBuildFile; fileRef = 2649936228C30F69003D3406 /* TabBarController.swift */; };
		2649936528C312D8003D3406 /* AlarmViewController.swift in Sources */ = {isa = PBXBuildFile; fileRef = 2649936428C312D8003D3406 /* AlarmViewController.swift */; };
		2649936728C312E9003D3406 /* StopWatchViewController.swift in Sources */ = {isa = PBXBuildFile; fileRef = 2649936628C312E9003D3406 /* StopWatchViewController.swift */; };
		2649936928C312F3003D3406 /* TimerViewController.swift in Sources */ = {isa = PBXBuildFile; fileRef = 2649936828C312F3003D3406 /* TimerViewController.swift */; };
		2649936E28C3AF56003D3406 /* temp1 in Resources */ = {isa = PBXBuildFile; fileRef = 2649936D28C3AF56003D3406 /* temp1 */; };
		2649937028C3AF66003D3406 /* temp2 in Resources */ = {isa = PBXBuildFile; fileRef = 2649936F28C3AF66003D3406 /* temp2 */; };
/* End PBXBuildFile section */

/* Begin PBXFileReference section */
		2649934828C30E19003D3406 /* iOSClock.app */ = {isa = PBXFileReference; explicitFileType = wrapper.application; includeInIndex = 0; path = iOSClock.app; sourceTree = BUILT_PRODUCTS_DIR; };
		2649934B28C30E19003D3406 /* AppDelegate.swift */ = {isa = PBXFileReference; lastKnownFileType = sourcecode.swift; path = AppDelegate.swift; sourceTree = "<group>"; };
		2649934D28C30E19003D3406 /* SceneDelegate.swift */ = {isa = PBXFileReference; lastKnownFileType = sourcecode.swift; path = SceneDelegate.swift; sourceTree = "<group>"; };
		2649934F28C30E19003D3406 /* WorldTimeViewController.swift */ = {isa = PBXFileReference; lastKnownFileType = sourcecode.swift; path = WorldTimeViewController.swift; sourceTree = "<group>"; };
		2649935228C30E19003D3406 /* Base */ = {isa = PBXFileReference; lastKnownFileType = file.storyboard; name = Base; path = Base.lproj/Main.storyboard; sourceTree = "<group>"; };
		2649935528C30E19003D3406 /* iOSClock.xcdatamodel */ = {isa = PBXFileReference; lastKnownFileType = wrapper.xcdatamodel; path = iOSClock.xcdatamodel; sourceTree = "<group>"; };
		2649935728C30E19003D3406 /* Assets.xcassets */ = {isa = PBXFileReference; lastKnownFileType = folder.assetcatalog; path = Assets.xcassets; sourceTree = "<group>"; };
		2649935A28C30E19003D3406 /* Base */ = {isa = PBXFileReference; lastKnownFileType = file.storyboard; name = Base; path = Base.lproj/LaunchScreen.storyboard; sourceTree = "<group>"; };
		2649935C28C30E19003D3406 /* Info.plist */ = {isa = PBXFileReference; lastKnownFileType = text.plist.xml; path = Info.plist; sourceTree = "<group>"; };
		2649936228C30F69003D3406 /* TabBarController.swift */ = {isa = PBXFileReference; lastKnownFileType = sourcecode.swift; path = TabBarController.swift; sourceTree = "<group>"; };
		2649936428C312D8003D3406 /* AlarmViewController.swift */ = {isa = PBXFileReference; lastKnownFileType = sourcecode.swift; path = AlarmViewController.swift; sourceTree = "<group>"; };
		2649936628C312E9003D3406 /* StopWatchViewController.swift */ = {isa = PBXFileReference; lastKnownFileType = sourcecode.swift; path = StopWatchViewController.swift; sourceTree = "<group>"; };
		2649936828C312F3003D3406 /* TimerViewController.swift */ = {isa = PBXFileReference; lastKnownFileType = sourcecode.swift; path = TimerViewController.swift; sourceTree = "<group>"; };
		2649936D28C3AF56003D3406 /* temp1 */ = {isa = PBXFileReference; lastKnownFileType = text; path = temp1; sourceTree = "<group>"; };
		2649936F28C3AF66003D3406 /* temp2 */ = {isa = PBXFileReference; lastKnownFileType = text; path = temp2; sourceTree = "<group>"; };
/* End PBXFileReference section */

/* Begin PBXFrameworksBuildPhase section */
		2649934528C30E18003D3406 /* Frameworks */ = {
			isa = PBXFrameworksBuildPhase;
			buildActionMask = 2147483647;
			files = (
			);
			runOnlyForDeploymentPostprocessing = 0;
		};
/* End PBXFrameworksBuildPhase section */

/* Begin PBXGroup section */
		2649933F28C30E18003D3406 = {
			isa = PBXGroup;
			children = (
				2649934A28C30E19003D3406 /* iOSClock */,
				2649934928C30E19003D3406 /* Products */,
			);
			sourceTree = "<group>";
		};
		2649934928C30E19003D3406 /* Products */ = {
			isa = PBXGroup;
			children = (
				2649934828C30E19003D3406 /* iOSClock.app */,
			);
			name = Products;
			sourceTree = "<group>";
		};
		2649934A28C30E19003D3406 /* iOSClock */ = {
			isa = PBXGroup;
			children = (
				2649934B28C30E19003D3406 /* AppDelegate.swift */,
				2649934D28C30E19003D3406 /* SceneDelegate.swift */,
				2649936A28C3AF2D003D3406 /* Model */,
				2649936B28C3AF35003D3406 /* View */,
				2649936C28C3AF38003D3406 /* Controller */,
				2649935128C30E19003D3406 /* Main.storyboard */,
				2649935728C30E19003D3406 /* Assets.xcassets */,
				2649935928C30E19003D3406 /* LaunchScreen.storyboard */,
				2649935C28C30E19003D3406 /* Info.plist */,
				2649935428C30E19003D3406 /* iOSClock.xcdatamodeld */,
			);
			path = iOSClock;
			sourceTree = "<group>";
		};
		2649936A28C3AF2D003D3406 /* Model */ = {
			isa = PBXGroup;
			children = (
				2649936D28C3AF56003D3406 /* temp1 */,
			);
			path = Model;
			sourceTree = "<group>";
		};
		2649936B28C3AF35003D3406 /* View */ = {
			isa = PBXGroup;
			children = (
				2649936F28C3AF66003D3406 /* temp2 */,
			);
			path = View;
			sourceTree = "<group>";
		};
		2649936C28C3AF38003D3406 /* Controller */ = {
			isa = PBXGroup;
			children = (
				2649936228C30F69003D3406 /* TabBarController.swift */,
				2649934F28C30E19003D3406 /* WorldTimeViewController.swift */,
				2649936428C312D8003D3406 /* AlarmViewController.swift */,
				2649936628C312E9003D3406 /* StopWatchViewController.swift */,
				2649936828C312F3003D3406 /* TimerViewController.swift */,
			);
			path = Controller;
			sourceTree = "<group>";
		};
/* End PBXGroup section */

/* Begin PBXNativeTarget section */
		2649934728C30E18003D3406 /* iOSClock */ = {
			isa = PBXNativeTarget;
			buildConfigurationList = 2649935F28C30E19003D3406 /* Build configuration list for PBXNativeTarget "iOSClock" */;
			buildPhases = (
				2649934428C30E18003D3406 /* Sources */,
				2649934528C30E18003D3406 /* Frameworks */,
				2649934628C30E18003D3406 /* Resources */,
			);
			buildRules = (
			);
			dependencies = (
			);
			name = iOSClock;
			productName = iOSClock;
			productReference = 2649934828C30E19003D3406 /* iOSClock.app */;
			productType = "com.apple.product-type.application";
		};
/* End PBXNativeTarget section */

/* Begin PBXProject section */
		2649934028C30E18003D3406 /* Project object */ = {
			isa = PBXProject;
			attributes = {
				BuildIndependentTargetsInParallel = 1;
				LastSwiftUpdateCheck = 1340;
				LastUpgradeCheck = 1340;
				TargetAttributes = {
					2649934728C30E18003D3406 = {
						CreatedOnToolsVersion = 13.4.1;
					};
				};
			};
			buildConfigurationList = 2649934328C30E18003D3406 /* Build configuration list for PBXProject "iOSClock" */;
			compatibilityVersion = "Xcode 13.0";
			developmentRegion = en;
			hasScannedForEncodings = 0;
			knownRegions = (
				en,
				Base,
			);
			mainGroup = 2649933F28C30E18003D3406;
			productRefGroup = 2649934928C30E19003D3406 /* Products */;
			projectDirPath = "";
			projectRoot = "";
			targets = (
				2649934728C30E18003D3406 /* iOSClock */,
			);
		};
/* End PBXProject section */

/* Begin PBXResourcesBuildPhase section */
		2649934628C30E18003D3406 /* Resources */ = {
			isa = PBXResourcesBuildPhase;
			buildActionMask = 2147483647;
			files = (
				2649936E28C3AF56003D3406 /* temp1 in Resources */,
				2649935B28C30E19003D3406 /* LaunchScreen.storyboard in Resources */,
				2649937028C3AF66003D3406 /* temp2 in Resources */,
				2649935828C30E19003D3406 /* Assets.xcassets in Resources */,
				2649935328C30E19003D3406 /* Main.storyboard in Resources */,
			);
			runOnlyForDeploymentPostprocessing = 0;
		};
/* End PBXResourcesBuildPhase section */

/* Begin PBXSourcesBuildPhase section */
		2649934428C30E18003D3406 /* Sources */ = {
			isa = PBXSourcesBuildPhase;
			buildActionMask = 2147483647;
			files = (
				2649935628C30E19003D3406 /* iOSClock.xcdatamodeld in Sources */,
				2649935028C30E19003D3406 /* WorldTimeViewController.swift in Sources */,
				2649936528C312D8003D3406 /* AlarmViewController.swift in Sources */,
				2649934C28C30E19003D3406 /* AppDelegate.swift in Sources */,
				2649936928C312F3003D3406 /* TimerViewController.swift in Sources */,
				2649936328C30F69003D3406 /* TabBarController.swift in Sources */,
				2649936728C312E9003D3406 /* StopWatchViewController.swift in Sources */,
				2649934E28C30E19003D3406 /* SceneDelegate.swift in Sources */,
			);
			runOnlyForDeploymentPostprocessing = 0;
		};
/* End PBXSourcesBuildPhase section */

/* Begin PBXVariantGroup section */
		2649935128C30E19003D3406 /* Main.storyboard */ = {
			isa = PBXVariantGroup;
			children = (
				2649935228C30E19003D3406 /* Base */,
			);
			name = Main.storyboard;
			sourceTree = "<group>";
		};
		2649935928C30E19003D3406 /* LaunchScreen.storyboard */ = {
			isa = PBXVariantGroup;
			children = (
				2649935A28C30E19003D3406 /* Base */,
			);
			name = LaunchScreen.storyboard;
			sourceTree = "<group>";
		};
/* End PBXVariantGroup section */

/* Begin XCBuildConfiguration section */
		2649935D28C30E19003D3406 /* Debug */ = {
			isa = XCBuildConfiguration;
			buildSettings = {
				ALWAYS_SEARCH_USER_PATHS = NO;
				CLANG_ANALYZER_NONNULL = YES;
				CLANG_ANALYZER_NUMBER_OBJECT_CONVERSION = YES_AGGRESSIVE;
				CLANG_CXX_LANGUAGE_STANDARD = "gnu++17";
				CLANG_ENABLE_MODULES = YES;
				CLANG_ENABLE_OBJC_ARC = YES;
				CLANG_ENABLE_OBJC_WEAK = YES;
				CLANG_WARN_BLOCK_CAPTURE_AUTORELEASING = YES;
				CLANG_WARN_BOOL_CONVERSION = YES;
				CLANG_WARN_COMMA = YES;
				CLANG_WARN_CONSTANT_CONVERSION = YES;
				CLANG_WARN_DEPRECATED_OBJC_IMPLEMENTATIONS = YES;
				CLANG_WARN_DIRECT_OBJC_ISA_USAGE = YES_ERROR;
				CLANG_WARN_DOCUMENTATION_COMMENTS = YES;
				CLANG_WARN_EMPTY_BODY = YES;
				CLANG_WARN_ENUM_CONVERSION = YES;
				CLANG_WARN_INFINITE_RECURSION = YES;
				CLANG_WARN_INT_CONVERSION = YES;
				CLANG_WARN_NON_LITERAL_NULL_CONVERSION = YES;
				CLANG_WARN_OBJC_IMPLICIT_RETAIN_SELF = YES;
				CLANG_WARN_OBJC_LITERAL_CONVERSION = YES;
				CLANG_WARN_OBJC_ROOT_CLASS = YES_ERROR;
				CLANG_WARN_QUOTED_INCLUDE_IN_FRAMEWORK_HEADER = YES;
				CLANG_WARN_RANGE_LOOP_ANALYSIS = YES;
				CLANG_WARN_STRICT_PROTOTYPES = YES;
				CLANG_WARN_SUSPICIOUS_MOVE = YES;
				CLANG_WARN_UNGUARDED_AVAILABILITY = YES_AGGRESSIVE;
				CLANG_WARN_UNREACHABLE_CODE = YES;
				CLANG_WARN__DUPLICATE_METHOD_MATCH = YES;
				COPY_PHASE_STRIP = NO;
				DEBUG_INFORMATION_FORMAT = dwarf;
				ENABLE_STRICT_OBJC_MSGSEND = YES;
				ENABLE_TESTABILITY = YES;
				GCC_C_LANGUAGE_STANDARD = gnu11;
				GCC_DYNAMIC_NO_PIC = NO;
				GCC_NO_COMMON_BLOCKS = YES;
				GCC_OPTIMIZATION_LEVEL = 0;
				GCC_PREPROCESSOR_DEFINITIONS = (
					"DEBUG=1",
					"$(inherited)",
				);
				GCC_WARN_64_TO_32_BIT_CONVERSION = YES;
				GCC_WARN_ABOUT_RETURN_TYPE = YES_ERROR;
				GCC_WARN_UNDECLARED_SELECTOR = YES;
				GCC_WARN_UNINITIALIZED_AUTOS = YES_AGGRESSIVE;
				GCC_WARN_UNUSED_FUNCTION = YES;
				GCC_WARN_UNUSED_VARIABLE = YES;
				IPHONEOS_DEPLOYMENT_TARGET = 15.5;
				MTL_ENABLE_DEBUG_INFO = INCLUDE_SOURCE;
				MTL_FAST_MATH = YES;
				ONLY_ACTIVE_ARCH = YES;
				SDKROOT = iphoneos;
				SWIFT_ACTIVE_COMPILATION_CONDITIONS = DEBUG;
				SWIFT_OPTIMIZATION_LEVEL = "-Onone";
			};
			name = Debug;
		};
		2649935E28C30E19003D3406 /* Release */ = {
			isa = XCBuildConfiguration;
			buildSettings = {
				ALWAYS_SEARCH_USER_PATHS = NO;
				CLANG_ANALYZER_NONNULL = YES;
				CLANG_ANALYZER_NUMBER_OBJECT_CONVERSION = YES_AGGRESSIVE;
				CLANG_CXX_LANGUAGE_STANDARD = "gnu++17";
				CLANG_ENABLE_MODULES = YES;
				CLANG_ENABLE_OBJC_ARC = YES;
				CLANG_ENABLE_OBJC_WEAK = YES;
				CLANG_WARN_BLOCK_CAPTURE_AUTORELEASING = YES;
				CLANG_WARN_BOOL_CONVERSION = YES;
				CLANG_WARN_COMMA = YES;
				CLANG_WARN_CONSTANT_CONVERSION = YES;
				CLANG_WARN_DEPRECATED_OBJC_IMPLEMENTATIONS = YES;
				CLANG_WARN_DIRECT_OBJC_ISA_USAGE = YES_ERROR;
				CLANG_WARN_DOCUMENTATION_COMMENTS = YES;
				CLANG_WARN_EMPTY_BODY = YES;
				CLANG_WARN_ENUM_CONVERSION = YES;
				CLANG_WARN_INFINITE_RECURSION = YES;
				CLANG_WARN_INT_CONVERSION = YES;
				CLANG_WARN_NON_LITERAL_NULL_CONVERSION = YES;
				CLANG_WARN_OBJC_IMPLICIT_RETAIN_SELF = YES;
				CLANG_WARN_OBJC_LITERAL_CONVERSION = YES;
				CLANG_WARN_OBJC_ROOT_CLASS = YES_ERROR;
				CLANG_WARN_QUOTED_INCLUDE_IN_FRAMEWORK_HEADER = YES;
				CLANG_WARN_RANGE_LOOP_ANALYSIS = YES;
				CLANG_WARN_STRICT_PROTOTYPES = YES;
				CLANG_WARN_SUSPICIOUS_MOVE = YES;
				CLANG_WARN_UNGUARDED_AVAILABILITY = YES_AGGRESSIVE;
				CLANG_WARN_UNREACHABLE_CODE = YES;
				CLANG_WARN__DUPLICATE_METHOD_MATCH = YES;
				COPY_PHASE_STRIP = NO;
				DEBUG_INFORMATION_FORMAT = "dwarf-with-dsym";
				ENABLE_NS_ASSERTIONS = NO;
				ENABLE_STRICT_OBJC_MSGSEND = YES;
				GCC_C_LANGUAGE_STANDARD = gnu11;
				GCC_NO_COMMON_BLOCKS = YES;
				GCC_WARN_64_TO_32_BIT_CONVERSION = YES;
				GCC_WARN_ABOUT_RETURN_TYPE = YES_ERROR;
				GCC_WARN_UNDECLARED_SELECTOR = YES;
				GCC_WARN_UNINITIALIZED_AUTOS = YES_AGGRESSIVE;
				GCC_WARN_UNUSED_FUNCTION = YES;
				GCC_WARN_UNUSED_VARIABLE = YES;
				IPHONEOS_DEPLOYMENT_TARGET = 15.5;
				MTL_ENABLE_DEBUG_INFO = NO;
				MTL_FAST_MATH = YES;
				SDKROOT = iphoneos;
				SWIFT_COMPILATION_MODE = wholemodule;
				SWIFT_OPTIMIZATION_LEVEL = "-O";
				VALIDATE_PRODUCT = YES;
			};
			name = Release;
		};
		2649936028C30E19003D3406 /* Debug */ = {
			isa = XCBuildConfiguration;
			buildSettings = {
				ASSETCATALOG_COMPILER_APPICON_NAME = AppIcon;
				ASSETCATALOG_COMPILER_GLOBAL_ACCENT_COLOR_NAME = AccentColor;
				CODE_SIGN_STYLE = Automatic;
				CURRENT_PROJECT_VERSION = 1;
				GENERATE_INFOPLIST_FILE = YES;
				INFOPLIST_FILE = iOSClock/Info.plist;
				INFOPLIST_KEY_UIApplicationSupportsIndirectInputEvents = YES;
				INFOPLIST_KEY_UILaunchStoryboardName = LaunchScreen;
				INFOPLIST_KEY_UISupportedInterfaceOrientations_iPad = "UIInterfaceOrientationPortrait UIInterfaceOrientationPortraitUpsideDown UIInterfaceOrientationLandscapeLeft UIInterfaceOrientationLandscapeRight";
				INFOPLIST_KEY_UISupportedInterfaceOrientations_iPhone = "UIInterfaceOrientationPortrait UIInterfaceOrientationLandscapeLeft UIInterfaceOrientationLandscapeRight";
				LD_RUNPATH_SEARCH_PATHS = (
					"$(inherited)",
					"@executable_path/Frameworks",
				);
				MARKETING_VERSION = 1.0;
				PRODUCT_BUNDLE_IDENTIFIER = com.immeenu.iOSClock;
				PRODUCT_NAME = "$(TARGET_NAME)";
				SWIFT_EMIT_LOC_STRINGS = YES;
				SWIFT_VERSION = 5.0;
				TARGETED_DEVICE_FAMILY = 1;
			};
			name = Debug;
		};
		2649936128C30E19003D3406 /* Release */ = {
			isa = XCBuildConfiguration;
			buildSettings = {
				ASSETCATALOG_COMPILER_APPICON_NAME = AppIcon;
				ASSETCATALOG_COMPILER_GLOBAL_ACCENT_COLOR_NAME = AccentColor;
				CODE_SIGN_STYLE = Automatic;
				CURRENT_PROJECT_VERSION = 1;
				GENERATE_INFOPLIST_FILE = YES;
				INFOPLIST_FILE = iOSClock/Info.plist;
				INFOPLIST_KEY_UIApplicationSupportsIndirectInputEvents = YES;
				INFOPLIST_KEY_UILaunchStoryboardName = LaunchScreen;
				INFOPLIST_KEY_UISupportedInterfaceOrientations_iPad = "UIInterfaceOrientationPortrait UIInterfaceOrientationPortraitUpsideDown UIInterfaceOrientationLandscapeLeft UIInterfaceOrientationLandscapeRight";
				INFOPLIST_KEY_UISupportedInterfaceOrientations_iPhone = "UIInterfaceOrientationPortrait UIInterfaceOrientationLandscapeLeft UIInterfaceOrientationLandscapeRight";
				LD_RUNPATH_SEARCH_PATHS = (
					"$(inherited)",
					"@executable_path/Frameworks",
				);
				MARKETING_VERSION = 1.0;
				PRODUCT_BUNDLE_IDENTIFIER = com.immeenu.iOSClock;
				PRODUCT_NAME = "$(TARGET_NAME)";
				SWIFT_EMIT_LOC_STRINGS = YES;
				SWIFT_VERSION = 5.0;
				TARGETED_DEVICE_FAMILY = 1;
			};
			name = Release;
		};
/* End XCBuildConfiguration section */

/* Begin XCConfigurationList section */
		2649934328C30E18003D3406 /* Build configuration list for PBXProject "iOSClock" */ = {
			isa = XCConfigurationList;
			buildConfigurations = (
				2649935D28C30E19003D3406 /* Debug */,
				2649935E28C30E19003D3406 /* Release */,
			);
			defaultConfigurationIsVisible = 0;
			defaultConfigurationName = Release;
		};
		2649935F28C30E19003D3406 /* Build configuration list for PBXNativeTarget "iOSClock" */ = {
			isa = XCConfigurationList;
			buildConfigurations = (
				2649936028C30E19003D3406 /* Debug */,
				2649936128C30E19003D3406 /* Release */,
			);
			defaultConfigurationIsVisible = 0;
			defaultConfigurationName = Release;
		};
/* End XCConfigurationList section */

/* Begin XCVersionGroup section */
		2649935428C30E19003D3406 /* iOSClock.xcdatamodeld */ = {
			isa = XCVersionGroup;
			children = (
				2649935528C30E19003D3406 /* iOSClock.xcdatamodel */,
			);
			currentVersion = 2649935528C30E19003D3406 /* iOSClock.xcdatamodel */;
			path = iOSClock.xcdatamodeld;
			sourceTree = "<group>";
			versionGroupType = wrapper.xcdatamodel;
		};
/* End XCVersionGroup section */
	};
	rootObject = 2649934028C30E18003D3406 /* Project object */;
}
